<?xml version="1.0" encoding="utf-8"?>
<Project ToolsVersion="4.0" xmlns="http://schemas.microsoft.com/developer/msbuild/2003">
  <ItemGroup>
    <Filter Include="Pliki źródłowe">
      <UniqueIdentifier>{4FC737F1-C7A5-4376-A066-2A32D752A2FF}</UniqueIdentifier>
      <Extensions>cpp;c;cc;cxx;def;odl;idl;hpj;bat;asm;asmx</Extensions>
    </Filter>
    <Filter Include="Pliki nagłówkowe">
      <UniqueIdentifier>{93995380-89BD-4b04-88EB-625FBE52EBFB}</UniqueIdentifier>
      <Extensions>h;hh;hpp;hxx;hm;inl;inc;ipp;xsd</Extensions>
    </Filter>
    <Filter Include="Pliki zasobów">
      <UniqueIdentifier>{67DA6AB6-F800-4c08-8B7A-83BB121AAD01}</UniqueIdentifier>
      <Extensions>rc;ico;cur;bmp;dlg;rc2;rct;bin;rgs;gif;jpg;jpeg;jpe;resx;tiff;tif;png;wav;mfcribbon-ms</Extensions>
    </Filter>
    <Filter Include="Pliki zasobów\shaders">
      <UniqueIdentifier>{65827d0c-7496-4653-9708-c94af6dd5396}</UniqueIdentifier>
    </Filter>
    <Filter Include="Pliki zasobów\shaders\constant">
      <UniqueIdentifier>{522f05c4-5e4b-4e62-952b-53008b22cca0}</UniqueIdentifier>
    </Filter>
    <Filter Include="Pliki zasobów\shaders\lambert">
      <UniqueIdentifier>{3a480620-95bd-4dbf-bc09-08000821bb88}</UniqueIdentifier>
    </Filter>
    <Filter Include="Pliki zasobów\shaders\marching">
      <UniqueIdentifier>{95153ce3-7ceb-4da6-a06e-06cfdb7f6527}</UniqueIdentifier>
    </Filter>
    <Filter Include="Pliki nagłówkowe\models">
      <UniqueIdentifier>{e5b4c954-364f-4c75-8ece-99d571623f20}</UniqueIdentifier>
    </Filter>
    <Filter Include="Pliki nagłówkowe\drawable object">
      <UniqueIdentifier>{b9c78b64-d557-42b4-bc51-55a13017d8c0}</UniqueIdentifier>
    </Filter>
    <Filter Include="Pliki nagłówkowe\scene">
      <UniqueIdentifier>{e11a660e-4c12-40c4-ac66-69312b9cb84c}</UniqueIdentifier>
    </Filter>
    <Filter Include="Pliki nagłówkowe\window and inputs">
      <UniqueIdentifier>{70b0520b-44f1-4dd5-8a8e-a23a794642fd}</UniqueIdentifier>
    </Filter>
    <Filter Include="Pliki źródłowe\models">
      <UniqueIdentifier>{a48324e4-3aab-4436-bbba-18357a2b9567}</UniqueIdentifier>
    </Filter>
    <Filter Include="Pliki źródłowe\drawable objects">
      <UniqueIdentifier>{3a1d650e-6501-412c-8152-454c3b04800a}</UniqueIdentifier>
    </Filter>
    <Filter Include="Pliki źródłowe\scene">
      <UniqueIdentifier>{a872338e-15a6-4002-beea-7013420c905e}</UniqueIdentifier>
    </Filter>
  </ItemGroup>
  <ItemGroup>
    <ClInclude Include="constants.h">
      <Filter>Pliki nagłówkowe</Filter>
    </ClInclude>
    <ClInclude Include="lodepng.h">
      <Filter>Pliki nagłówkowe</Filter>
    </ClInclude>
    <ClInclude Include="shaderprogram.h">
      <Filter>Pliki nagłówkowe</Filter>
    </ClInclude>
    <ClInclude Include="GameEngine.h">
      <Filter>Pliki nagłówkowe</Filter>
    </ClInclude>
    <ClInclude Include="RenderSystem.h">
      <Filter>Pliki nagłówkowe</Filter>
    </ClInclude>
    <ClInclude Include="Entity.h">
      <Filter>Pliki nagłówkowe</Filter>
    </ClInclude>
    <ClInclude Include="Camera.h">
      <Filter>Pliki nagłówkowe</Filter>
    </ClInclude>
    <ClInclude Include="Timer.h">
      <Filter>Pliki nagłówkowe</Filter>
    </ClInclude>
    <ClInclude Include="allmodels.h">
      <Filter>Pliki nagłówkowe\models</Filter>
    </ClInclude>
    <ClInclude Include="cube.h">
      <Filter>Pliki nagłówkowe\models</Filter>
    </ClInclude>
    <ClInclude Include="Plane.h">
      <Filter>Pliki nagłówkowe\models</Filter>
    </ClInclude>
    <ClInclude Include="model.h">
      <Filter>Pliki nagłówkowe\models</Filter>
    </ClInclude>
    <ClInclude Include="sphere.h">
      <Filter>Pliki nagłówkowe\models</Filter>
    </ClInclude>
    <ClInclude Include="teapot.h">
      <Filter>Pliki nagłówkowe\models</Filter>
    </ClInclude>
    <ClInclude Include="torus.h">
      <Filter>Pliki nagłówkowe\models</Filter>
    </ClInclude>
    <ClInclude Include="BasicDrawableObject.h">
      <Filter>Pliki nagłówkowe\drawable object</Filter>
    </ClInclude>
    <ClInclude Include="DrawableObject.h">
      <Filter>Pliki nagłówkowe\drawable object</Filter>
    </ClInclude>
    <ClInclude Include="ExampleScene.h">
      <Filter>Pliki nagłówkowe\scene</Filter>
    </ClInclude>
    <ClInclude Include="Scene.h">
      <Filter>Pliki nagłówkowe\scene</Filter>
    </ClInclude>
    <ClInclude Include="SceneManager.h">
      <Filter>Pliki nagłówkowe\scene</Filter>
    </ClInclude>
    <ClInclude Include="Raymarching2DSphereDrawableObject.h">
      <Filter>Pliki nagłówkowe\drawable object</Filter>
    </ClInclude>
    <ClInclude Include="RaymarchScene.h">
      <Filter>Pliki nagłówkowe\scene</Filter>
    </ClInclude>
    <ClInclude Include="Window.h">
      <Filter>Pliki nagłówkowe\window and inputs</Filter>
    </ClInclude>
    <ClInclude Include="InputHandler.h">
      <Filter>Pliki nagłówkowe\window and inputs</Filter>
    </ClInclude>
    <ClInclude Include="Input.h">
      <Filter>Pliki nagłówkowe\window and inputs</Filter>
    </ClInclude>
    <ClInclude Include="Event.h">
      <Filter>Pliki nagłówkowe\window and inputs</Filter>
    </ClInclude>
    <ClInclude Include="Menger3.h">
      <Filter>Pliki nagłówkowe</Filter>
    </ClInclude>
  </ItemGroup>
  <ItemGroup>
    <ClCompile Include="lodepng.cpp">
      <Filter>Pliki źródłowe</Filter>
    </ClCompile>
    <ClCompile Include="main_file.cpp">
      <Filter>Pliki źródłowe</Filter>
    </ClCompile>
    <ClCompile Include="shaderprogram.cpp">
      <Filter>Pliki źródłowe</Filter>
    </ClCompile>
    <ClCompile Include="GameEngine.cpp">
      <Filter>Pliki źródłowe</Filter>
    </ClCompile>
    <ClCompile Include="RenderSystem.cpp">
      <Filter>Pliki źródłowe</Filter>
    </ClCompile>
    <ClCompile Include="Window.cpp">
      <Filter>Pliki źródłowe</Filter>
    </ClCompile>
    <ClCompile Include="Entity.cpp">
      <Filter>Pliki źródłowe</Filter>
    </ClCompile>
    <ClCompile Include="Camera.cpp">
      <Filter>Pliki źródłowe</Filter>
    </ClCompile>
    <ClCompile Include="Input.cpp">
      <Filter>Pliki źródłowe</Filter>
    </ClCompile>
    <ClCompile Include="Timer.cpp">
      <Filter>Pliki źródłowe</Filter>
    </ClCompile>
    <ClCompile Include="InputHandler.cpp">
      <Filter>Pliki źródłowe</Filter>
    </ClCompile>
    <ClCompile Include="cube.cpp">
      <Filter>Pliki źródłowe\models</Filter>
    </ClCompile>
    <ClCompile Include="model.cpp">
      <Filter>Pliki źródłowe\models</Filter>
    </ClCompile>
    <ClCompile Include="Plane.cpp">
      <Filter>Pliki źródłowe\models</Filter>
    </ClCompile>
    <ClCompile Include="teapot.cpp">
      <Filter>Pliki źródłowe\models</Filter>
    </ClCompile>
    <ClCompile Include="sphere.cpp">
      <Filter>Pliki źródłowe\models</Filter>
    </ClCompile>
    <ClCompile Include="torus.cpp">
      <Filter>Pliki źródłowe\models</Filter>
    </ClCompile>
    <ClCompile Include="BasicDrawableObject.cpp">
      <Filter>Pliki źródłowe\drawable objects</Filter>
    </ClCompile>
    <ClCompile Include="Raymarching2DSphereDrawableObject.cpp">
      <Filter>Pliki źródłowe\drawable objects</Filter>
    </ClCompile>
    <ClCompile Include="ExampleScene.cpp">
      <Filter>Pliki źródłowe\scene</Filter>
    </ClCompile>
    <ClCompile Include="Scene.cpp">
      <Filter>Pliki źródłowe\scene</Filter>
    </ClCompile>
    <ClCompile Include="SceneManager.cpp">
      <Filter>Pliki źródłowe\scene</Filter>
    </ClCompile>
    <ClCompile Include="RaymarchScene.cpp">
      <Filter>Pliki źródłowe\scene</Filter>
    </ClCompile>
  </ItemGroup>
  <ItemGroup>
    <None Include="basic_vertex_shader.glsl">
      <Filter>Pliki zasobów</Filter>
    </None>
    <None Include="basic_fragment_shader.glsl">
      <Filter>Pliki zasobów</Filter>
    </None>
    <None Include="wave_vertex.glsl">
      <Filter>Pliki zasobów</Filter>
    </None>
    <None Include="raymarch_vertex.glsl">
      <Filter>Pliki zasobów</Filter>
    </None>
    <None Include="raymarch2D_fragment.glsl">
      <Filter>Pliki zasobów</Filter>
    </None>
    <None Include="f_constant.glsl">
      <Filter>Pliki zasobów\shaders\constant</Filter>
    </None>
    <None Include="v_constant.glsl">
      <Filter>Pliki zasobów\shaders\constant</Filter>
    </None>
    <None Include="f_lambert.glsl">
      <Filter>Pliki zasobów\shaders\lambert</Filter>
    </None>
    <None Include="v_lambert.glsl">
      <Filter>Pliki zasobów\shaders\lambert</Filter>
    </None>
    <None Include="marching_vertex.glsl">
      <Filter>Pliki zasobów\shaders\marching</Filter>
    </None>
    <None Include="marching_fragment.glsl">
      <Filter>Pliki zasobów\shaders\marching</Filter>
    </None>
  </ItemGroup>
</Project>